
Microsoft Visual Studio Solution File, Format Version 12.00
# Visual Studio 15
VisualStudioVersion = 15.0.26730.16
MinimumVisualStudioVersion = 10.0.40219.1
Project("{2150E333-8FDC-42A3-9474-1A3956D46DE8}") = "srcs", "srcs", "{63AB17A2-69BD-456C-969E-7F292116B571}"
EndProject
Project("{2150E333-8FDC-42A3-9474-1A3956D46DE8}") = "Executables", "Executables", "{0D88B727-CA5D-48DB-835B-E90C8E282DA7}"
EndProject
Project("{FAE04EC0-301F-11D3-BF4B-00C04F79EFBC}") = "NosSharp.Login", "srcs\NosSharp.Login\NosSharp.Login.csproj", "{AB3A47F3-3B2A-484A-B768-7C6CF5C83386}"
EndProject
Project("{FAE04EC0-301F-11D3-BF4B-00C04F79EFBC}") = "NosSharp.World", "srcs\NosSharp.World\NosSharp.World.csproj", "{EC300279-181E-4E6E-A94C-E8BAF0EAB2AD}"
EndProject
Project("{FAE04EC0-301F-11D3-BF4B-00C04F79EFBC}") = "NosSharp.WatchDog", "srcs\NosSharp.WatchDog\NosSharp.WatchDog.csproj", "{1F0F619F-8867-4A8B-9E56-0665C34CD7D1}"
EndProject
Project("{FAE04EC0-301F-11D3-BF4B-00C04F79EFBC}") = "NosSharp.Parser", "srcs\NosSharp.Parser\NosSharp.Parser.csproj", "{C2D0CDB2-FDF9-4D33-A9C4-424E765F41C6}"
EndProject
Project("{2150E333-8FDC-42A3-9474-1A3956D46DE8}") = "Libs", "Libs", "{9A022DE0-2608-45D6-99DA-835CFFD4FC87}"
EndProject
Project("{FAE04EC0-301F-11D3-BF4B-00C04F79EFBC}") = "NosSharp.Enums", "srcs\NosSharp.Enums\NosSharp.Enums.csproj", "{20ADDDDD-DAD9-44F3-9BEB-026C73090660}"
EndProject
Project("{FAE04EC0-301F-11D3-BF4B-00C04F79EFBC}") = "OpenNos.DAL", "srcs\OpenNos.DAL\OpenNos.DAL.csproj", "{D8C8A266-3D46-42C5-A492-28C75DB85BA8}"
EndProject
Project("{FAE04EC0-301F-11D3-BF4B-00C04F79EFBC}") = "OpenNos.DAL.Interface", "srcs\OpenNos.DAL.Interface\OpenNos.DAL.Interface.csproj", "{175C851B-8DC8-43A5-AF93-AF32D106CD77}"
EndProject
Project("{FAE04EC0-301F-11D3-BF4B-00C04F79EFBC}") = "OpenNos.Data", "srcs\OpenNos.Data\OpenNos.Data.csproj", "{F1071DED-3D92-4416-9B9C-8664441ADE64}"
EndProject
Project("{FAE04EC0-301F-11D3-BF4B-00C04F79EFBC}") = "OpenNos.Core", "srcs\OpenNos.Core\OpenNos.Core.csproj", "{C93A0A40-0551-4732-B594-171B87679AC1}"
EndProject
Project("{FAE04EC0-301F-11D3-BF4B-00C04F79EFBC}") = "OpenNos.Handler", "srcs\OpenNos.Handler\OpenNos.Handler.csproj", "{A6748A8D-0D96-41B9-A110-DBF692AFC56D}"
EndProject
Project("{FAE04EC0-301F-11D3-BF4B-00C04F79EFBC}") = "OpenNos.GameObject", "srcs\OpenNos.GameObject\OpenNos.GameObject.csproj", "{EADD17BE-20A4-4589-830E-E41BE9314928}"
EndProject
Project("{FAE04EC0-301F-11D3-BF4B-00C04F79EFBC}") = "OpenNos.DAL.EF", "srcs\OpenNos.DAL.EF\OpenNos.DAL.EF.csproj", "{4AECC47D-098A-4493-8E1E-D10EDBB7A189}"
EndProject
Project("{FAE04EC0-301F-11D3-BF4B-00C04F79EFBC}") = "OpenNos.PathFinder", "srcs\OpenNos.PathFinder\OpenNos.PathFinder.csproj", "{4BC2B4B0-2A38-4274-98A2-37CEF5F03B42}"
EndProject
Project("{FAE04EC0-301F-11D3-BF4B-00C04F79EFBC}") = "OpenNos.Master.Library", "srcs\OpenNos.Master.Library\OpenNos.Master.Library.csproj", "{8FABDA5B-C873-4E32-A78F-08A9A4768595}"
EndProject
Project("{FAE04EC0-301F-11D3-BF4B-00C04F79EFBC}") = "NosSharp.CLI", "srcs\NosSharp.CLI\NosSharp.CLI.csproj", "{1F90D3E4-6337-4753-9389-22CA4C688DB7}"
EndProject
Project("{FAE04EC0-301F-11D3-BF4B-00C04F79EFBC}") = "NosSharp.Master", "srcs\NosSharp.Master\NosSharp.Master.csproj", "{9AA91BF5-88E7-4130-9F42-73AE206E2916}"
EndProject
Project("{FAE04EC0-301F-11D3-BF4B-00C04F79EFBC}") = "NosSharp.WebAPI", "srcs\NosSharp.WebAPI\NosSharp.WebAPI.csproj", "{95965326-97C5-4923-9123-D8EC514024E3}"
EndProject
Project("{2150E333-8FDC-42A3-9474-1A3956D46DE8}") = "tests", "tests", "{252F9358-822A-4989-A13A-67C11E1F7CB4}"
EndProject
Project("{FAE04EC0-301F-11D3-BF4B-00C04F79EFBC}") = "NosSharp.Login.Test", "NosSharp.Login.Test\NosSharp.Login.Test.csproj", "{22FAE1F1-23AE-4699-A8A3-AA63D8F17F51}"
EndProject
Global
	GlobalSection(SolutionConfigurationPlatforms) = preSolution
		Debug|Any CPU = Debug|Any CPU
		Debug|x64 = Debug|x64
		Debug|x86 = Debug|x86
		Release|Any CPU = Release|Any CPU
		Release|x64 = Release|x64
		Release|x86 = Release|x86
	EndGlobalSection
	GlobalSection(ProjectConfigurationPlatforms) = postSolution
		{AB3A47F3-3B2A-484A-B768-7C6CF5C83386}.Debug|Any CPU.ActiveCfg = Debug|Any CPU
		{AB3A47F3-3B2A-484A-B768-7C6CF5C83386}.Debug|Any CPU.Build.0 = Debug|Any CPU
		{AB3A47F3-3B2A-484A-B768-7C6CF5C83386}.Debug|x64.ActiveCfg = Debug|x64
		{AB3A47F3-3B2A-484A-B768-7C6CF5C83386}.Debug|x64.Build.0 = Debug|x64
		{AB3A47F3-3B2A-484A-B768-7C6CF5C83386}.Debug|x86.ActiveCfg = Debug|x86
		{AB3A47F3-3B2A-484A-B768-7C6CF5C83386}.Debug|x86.Build.0 = Debug|x86
		{AB3A47F3-3B2A-484A-B768-7C6CF5C83386}.Release|Any CPU.ActiveCfg = Release|Any CPU
		{AB3A47F3-3B2A-484A-B768-7C6CF5C83386}.Release|Any CPU.Build.0 = Release|Any CPU
		{AB3A47F3-3B2A-484A-B768-7C6CF5C83386}.Release|x64.ActiveCfg = Release|x64
		{AB3A47F3-3B2A-484A-B768-7C6CF5C83386}.Release|x64.Build.0 = Release|x64
		{AB3A47F3-3B2A-484A-B768-7C6CF5C83386}.Release|x86.ActiveCfg = Release|x86
		{AB3A47F3-3B2A-484A-B768-7C6CF5C83386}.Release|x86.Build.0 = Release|x86
		{EC300279-181E-4E6E-A94C-E8BAF0EAB2AD}.Debug|Any CPU.ActiveCfg = Debug|Any CPU
		{EC300279-181E-4E6E-A94C-E8BAF0EAB2AD}.Debug|Any CPU.Build.0 = Debug|Any CPU
		{EC300279-181E-4E6E-A94C-E8BAF0EAB2AD}.Debug|x64.ActiveCfg = Debug|x64
		{EC300279-181E-4E6E-A94C-E8BAF0EAB2AD}.Debug|x64.Build.0 = Debug|x64
		{EC300279-181E-4E6E-A94C-E8BAF0EAB2AD}.Debug|x86.ActiveCfg = Debug|x86
		{EC300279-181E-4E6E-A94C-E8BAF0EAB2AD}.Debug|x86.Build.0 = Debug|x86
		{EC300279-181E-4E6E-A94C-E8BAF0EAB2AD}.Debug|x86.Deploy.0 = Debug|x86
		{EC300279-181E-4E6E-A94C-E8BAF0EAB2AD}.Release|Any CPU.ActiveCfg = Release|Any CPU
		{EC300279-181E-4E6E-A94C-E8BAF0EAB2AD}.Release|Any CPU.Build.0 = Release|Any CPU
		{EC300279-181E-4E6E-A94C-E8BAF0EAB2AD}.Release|x64.ActiveCfg = Release|x64
		{EC300279-181E-4E6E-A94C-E8BAF0EAB2AD}.Release|x64.Build.0 = Release|x64
		{EC300279-181E-4E6E-A94C-E8BAF0EAB2AD}.Release|x86.ActiveCfg = Release|x86
		{EC300279-181E-4E6E-A94C-E8BAF0EAB2AD}.Release|x86.Build.0 = Release|x86
		{1F0F619F-8867-4A8B-9E56-0665C34CD7D1}.Debug|Any CPU.ActiveCfg = Debug|Any CPU
		{1F0F619F-8867-4A8B-9E56-0665C34CD7D1}.Debug|Any CPU.Build.0 = Debug|Any CPU
		{1F0F619F-8867-4A8B-9E56-0665C34CD7D1}.Debug|x64.ActiveCfg = Debug|Any CPU
		{1F0F619F-8867-4A8B-9E56-0665C34CD7D1}.Debug|x64.Build.0 = Debug|Any CPU
		{1F0F619F-8867-4A8B-9E56-0665C34CD7D1}.Debug|x86.ActiveCfg = Debug|Any CPU
		{1F0F619F-8867-4A8B-9E56-0665C34CD7D1}.Debug|x86.Build.0 = Debug|Any CPU
		{1F0F619F-8867-4A8B-9E56-0665C34CD7D1}.Release|Any CPU.ActiveCfg = Release|Any CPU
		{1F0F619F-8867-4A8B-9E56-0665C34CD7D1}.Release|Any CPU.Build.0 = Release|Any CPU
		{1F0F619F-8867-4A8B-9E56-0665C34CD7D1}.Release|x64.ActiveCfg = Release|Any CPU
		{1F0F619F-8867-4A8B-9E56-0665C34CD7D1}.Release|x64.Build.0 = Release|Any CPU
		{1F0F619F-8867-4A8B-9E56-0665C34CD7D1}.Release|x86.ActiveCfg = Release|Any CPU
		{1F0F619F-8867-4A8B-9E56-0665C34CD7D1}.Release|x86.Build.0 = Release|Any CPU
		{C2D0CDB2-FDF9-4D33-A9C4-424E765F41C6}.Debug|Any CPU.ActiveCfg = Debug|Any CPU
		{C2D0CDB2-FDF9-4D33-A9C4-424E765F41C6}.Debug|Any CPU.Build.0 = Debug|Any CPU
		{C2D0CDB2-FDF9-4D33-A9C4-424E765F41C6}.Debug|x64.ActiveCfg = Debug|x64
		{C2D0CDB2-FDF9-4D33-A9C4-424E765F41C6}.Debug|x64.Build.0 = Debug|x64
		{C2D0CDB2-FDF9-4D33-A9C4-424E765F41C6}.Debug|x86.ActiveCfg = Debug|x86
		{C2D0CDB2-FDF9-4D33-A9C4-424E765F41C6}.Debug|x86.Build.0 = Debug|x86
		{C2D0CDB2-FDF9-4D33-A9C4-424E765F41C6}.Release|Any CPU.ActiveCfg = Release|Any CPU
		{C2D0CDB2-FDF9-4D33-A9C4-424E765F41C6}.Release|Any CPU.Build.0 = Release|Any CPU
		{C2D0CDB2-FDF9-4D33-A9C4-424E765F41C6}.Release|x64.ActiveCfg = Release|x64
		{C2D0CDB2-FDF9-4D33-A9C4-424E765F41C6}.Release|x64.Build.0 = Release|x64
		{C2D0CDB2-FDF9-4D33-A9C4-424E765F41C6}.Release|x86.ActiveCfg = Release|x86
		{C2D0CDB2-FDF9-4D33-A9C4-424E765F41C6}.Release|x86.Build.0 = Release|x86
		{20ADDDDD-DAD9-44F3-9BEB-026C73090660}.Debug|Any CPU.ActiveCfg = Debug|Any CPU
		{20ADDDDD-DAD9-44F3-9BEB-026C73090660}.Debug|Any CPU.Build.0 = Debug|Any CPU
		{20ADDDDD-DAD9-44F3-9BEB-026C73090660}.Debug|x64.ActiveCfg = Debug|x64
		{20ADDDDD-DAD9-44F3-9BEB-026C73090660}.Debug|x64.Build.0 = Debug|x64
		{20ADDDDD-DAD9-44F3-9BEB-026C73090660}.Debug|x86.ActiveCfg = Debug|x86
		{20ADDDDD-DAD9-44F3-9BEB-026C73090660}.Debug|x86.Build.0 = Debug|x86
		{20ADDDDD-DAD9-44F3-9BEB-026C73090660}.Release|Any CPU.ActiveCfg = Release|Any CPU
		{20ADDDDD-DAD9-44F3-9BEB-026C73090660}.Release|Any CPU.Build.0 = Release|Any CPU
		{20ADDDDD-DAD9-44F3-9BEB-026C73090660}.Release|x64.ActiveCfg = Release|x64
		{20ADDDDD-DAD9-44F3-9BEB-026C73090660}.Release|x64.Build.0 = Release|x64
		{20ADDDDD-DAD9-44F3-9BEB-026C73090660}.Release|x86.ActiveCfg = Release|x86
		{20ADDDDD-DAD9-44F3-9BEB-026C73090660}.Release|x86.Build.0 = Release|x86
		{D8C8A266-3D46-42C5-A492-28C75DB85BA8}.Debug|Any CPU.ActiveCfg = Debug|Any CPU
		{D8C8A266-3D46-42C5-A492-28C75DB85BA8}.Debug|Any CPU.Build.0 = Debug|Any CPU
		{D8C8A266-3D46-42C5-A492-28C75DB85BA8}.Debug|x64.ActiveCfg = Debug|x64
		{D8C8A266-3D46-42C5-A492-28C75DB85BA8}.Debug|x64.Build.0 = Debug|x64
		{D8C8A266-3D46-42C5-A492-28C75DB85BA8}.Debug|x86.ActiveCfg = Debug|x86
		{D8C8A266-3D46-42C5-A492-28C75DB85BA8}.Debug|x86.Build.0 = Debug|x86
		{D8C8A266-3D46-42C5-A492-28C75DB85BA8}.Release|Any CPU.ActiveCfg = Release|Any CPU
		{D8C8A266-3D46-42C5-A492-28C75DB85BA8}.Release|Any CPU.Build.0 = Release|Any CPU
		{D8C8A266-3D46-42C5-A492-28C75DB85BA8}.Release|x64.ActiveCfg = Release|x64
		{D8C8A266-3D46-42C5-A492-28C75DB85BA8}.Release|x64.Build.0 = Release|x64
		{D8C8A266-3D46-42C5-A492-28C75DB85BA8}.Release|x86.ActiveCfg = Release|x86
		{D8C8A266-3D46-42C5-A492-28C75DB85BA8}.Release|x86.Build.0 = Release|x86
		{175C851B-8DC8-43A5-AF93-AF32D106CD77}.Debug|Any CPU.ActiveCfg = Debug|Any CPU
		{175C851B-8DC8-43A5-AF93-AF32D106CD77}.Debug|Any CPU.Build.0 = Debug|Any CPU
		{175C851B-8DC8-43A5-AF93-AF32D106CD77}.Debug|x64.ActiveCfg = Debug|x64
		{175C851B-8DC8-43A5-AF93-AF32D106CD77}.Debug|x64.Build.0 = Debug|x64
		{175C851B-8DC8-43A5-AF93-AF32D106CD77}.Debug|x86.ActiveCfg = Debug|x86
		{175C851B-8DC8-43A5-AF93-AF32D106CD77}.Debug|x86.Build.0 = Debug|x86
		{175C851B-8DC8-43A5-AF93-AF32D106CD77}.Release|Any CPU.ActiveCfg = Release|Any CPU
		{175C851B-8DC8-43A5-AF93-AF32D106CD77}.Release|Any CPU.Build.0 = Release|Any CPU
		{175C851B-8DC8-43A5-AF93-AF32D106CD77}.Release|x64.ActiveCfg = Release|x64
		{175C851B-8DC8-43A5-AF93-AF32D106CD77}.Release|x64.Build.0 = Release|x64
		{175C851B-8DC8-43A5-AF93-AF32D106CD77}.Release|x86.ActiveCfg = Release|x86
		{175C851B-8DC8-43A5-AF93-AF32D106CD77}.Release|x86.Build.0 = Release|x86
		{F1071DED-3D92-4416-9B9C-8664441ADE64}.Debug|Any CPU.ActiveCfg = Debug|Any CPU
		{F1071DED-3D92-4416-9B9C-8664441ADE64}.Debug|Any CPU.Build.0 = Debug|Any CPU
		{F1071DED-3D92-4416-9B9C-8664441ADE64}.Debug|x64.ActiveCfg = Debug|x64
		{F1071DED-3D92-4416-9B9C-8664441ADE64}.Debug|x64.Build.0 = Debug|x64
		{F1071DED-3D92-4416-9B9C-8664441ADE64}.Debug|x86.ActiveCfg = Debug|x86
		{F1071DED-3D92-4416-9B9C-8664441ADE64}.Debug|x86.Build.0 = Debug|x86
		{F1071DED-3D92-4416-9B9C-8664441ADE64}.Release|Any CPU.ActiveCfg = Release|Any CPU
		{F1071DED-3D92-4416-9B9C-8664441ADE64}.Release|Any CPU.Build.0 = Release|Any CPU
		{F1071DED-3D92-4416-9B9C-8664441ADE64}.Release|x64.ActiveCfg = Release|x64
		{F1071DED-3D92-4416-9B9C-8664441ADE64}.Release|x64.Build.0 = Release|x64
		{F1071DED-3D92-4416-9B9C-8664441ADE64}.Release|x86.ActiveCfg = Release|x86
		{F1071DED-3D92-4416-9B9C-8664441ADE64}.Release|x86.Build.0 = Release|x86
		{C93A0A40-0551-4732-B594-171B87679AC1}.Debug|Any CPU.ActiveCfg = Debug|Any CPU
		{C93A0A40-0551-4732-B594-171B87679AC1}.Debug|Any CPU.Build.0 = Debug|Any CPU
		{C93A0A40-0551-4732-B594-171B87679AC1}.Debug|x64.ActiveCfg = Debug|x64
		{C93A0A40-0551-4732-B594-171B87679AC1}.Debug|x64.Build.0 = Debug|x64
		{C93A0A40-0551-4732-B594-171B87679AC1}.Debug|x86.ActiveCfg = Debug|x86
		{C93A0A40-0551-4732-B594-171B87679AC1}.Debug|x86.Build.0 = Debug|x86
		{C93A0A40-0551-4732-B594-171B87679AC1}.Release|Any CPU.ActiveCfg = Release|Any CPU
		{C93A0A40-0551-4732-B594-171B87679AC1}.Release|Any CPU.Build.0 = Release|Any CPU
		{C93A0A40-0551-4732-B594-171B87679AC1}.Release|x64.ActiveCfg = Release|x64
		{C93A0A40-0551-4732-B594-171B87679AC1}.Release|x64.Build.0 = Release|x64
		{C93A0A40-0551-4732-B594-171B87679AC1}.Release|x86.ActiveCfg = Release|x86
		{C93A0A40-0551-4732-B594-171B87679AC1}.Release|x86.Build.0 = Release|x86
		{A6748A8D-0D96-41B9-A110-DBF692AFC56D}.Debug|Any CPU.ActiveCfg = Debug|Any CPU
		{A6748A8D-0D96-41B9-A110-DBF692AFC56D}.Debug|Any CPU.Build.0 = Debug|Any CPU
		{A6748A8D-0D96-41B9-A110-DBF692AFC56D}.Debug|x64.ActiveCfg = Debug|x64
		{A6748A8D-0D96-41B9-A110-DBF692AFC56D}.Debug|x64.Build.0 = Debug|x64
		{A6748A8D-0D96-41B9-A110-DBF692AFC56D}.Debug|x86.ActiveCfg = Debug|x86
		{A6748A8D-0D96-41B9-A110-DBF692AFC56D}.Debug|x86.Build.0 = Debug|x86
		{A6748A8D-0D96-41B9-A110-DBF692AFC56D}.Release|Any CPU.ActiveCfg = Release|Any CPU
		{A6748A8D-0D96-41B9-A110-DBF692AFC56D}.Release|Any CPU.Build.0 = Release|Any CPU
		{A6748A8D-0D96-41B9-A110-DBF692AFC56D}.Release|x64.ActiveCfg = Release|x64
		{A6748A8D-0D96-41B9-A110-DBF692AFC56D}.Release|x64.Build.0 = Release|x64
		{A6748A8D-0D96-41B9-A110-DBF692AFC56D}.Release|x86.ActiveCfg = Release|x86
		{A6748A8D-0D96-41B9-A110-DBF692AFC56D}.Release|x86.Build.0 = Release|x86
		{EADD17BE-20A4-4589-830E-E41BE9314928}.Debug|Any CPU.ActiveCfg = Debug|Any CPU
		{EADD17BE-20A4-4589-830E-E41BE9314928}.Debug|Any CPU.Build.0 = Debug|Any CPU
		{EADD17BE-20A4-4589-830E-E41BE9314928}.Debug|x64.ActiveCfg = Debug|x64
		{EADD17BE-20A4-4589-830E-E41BE9314928}.Debug|x64.Build.0 = Debug|x64
		{EADD17BE-20A4-4589-830E-E41BE9314928}.Debug|x86.ActiveCfg = Debug|x86
		{EADD17BE-20A4-4589-830E-E41BE9314928}.Debug|x86.Build.0 = Debug|x86
		{EADD17BE-20A4-4589-830E-E41BE9314928}.Release|Any CPU.ActiveCfg = Release|Any CPU
		{EADD17BE-20A4-4589-830E-E41BE9314928}.Release|Any CPU.Build.0 = Release|Any CPU
		{EADD17BE-20A4-4589-830E-E41BE9314928}.Release|x64.ActiveCfg = Release|x64
		{EADD17BE-20A4-4589-830E-E41BE9314928}.Release|x64.Build.0 = Release|x64
		{EADD17BE-20A4-4589-830E-E41BE9314928}.Release|x86.ActiveCfg = Release|x86
		{EADD17BE-20A4-4589-830E-E41BE9314928}.Release|x86.Build.0 = Release|x86
		{4AECC47D-098A-4493-8E1E-D10EDBB7A189}.Debug|Any CPU.ActiveCfg = Debug|Any CPU
		{4AECC47D-098A-4493-8E1E-D10EDBB7A189}.Debug|Any CPU.Build.0 = Debug|Any CPU
		{4AECC47D-098A-4493-8E1E-D10EDBB7A189}.Debug|x64.ActiveCfg = Debug|x64
		{4AECC47D-098A-4493-8E1E-D10EDBB7A189}.Debug|x64.Build.0 = Debug|x64
		{4AECC47D-098A-4493-8E1E-D10EDBB7A189}.Debug|x86.ActiveCfg = Debug|x86
		{4AECC47D-098A-4493-8E1E-D10EDBB7A189}.Debug|x86.Build.0 = Debug|x86
		{4AECC47D-098A-4493-8E1E-D10EDBB7A189}.Release|Any CPU.ActiveCfg = Release|Any CPU
		{4AECC47D-098A-4493-8E1E-D10EDBB7A189}.Release|Any CPU.Build.0 = Release|Any CPU
		{4AECC47D-098A-4493-8E1E-D10EDBB7A189}.Release|x64.ActiveCfg = Release|x64
		{4AECC47D-098A-4493-8E1E-D10EDBB7A189}.Release|x64.Build.0 = Release|x64
		{4AECC47D-098A-4493-8E1E-D10EDBB7A189}.Release|x86.ActiveCfg = Release|x86
		{4AECC47D-098A-4493-8E1E-D10EDBB7A189}.Release|x86.Build.0 = Release|x86
		{4BC2B4B0-2A38-4274-98A2-37CEF5F03B42}.Debug|Any CPU.ActiveCfg = Debug|Any CPU
		{4BC2B4B0-2A38-4274-98A2-37CEF5F03B42}.Debug|Any CPU.Build.0 = Debug|Any CPU
		{4BC2B4B0-2A38-4274-98A2-37CEF5F03B42}.Debug|x64.ActiveCfg = Debug|x64
		{4BC2B4B0-2A38-4274-98A2-37CEF5F03B42}.Debug|x64.Build.0 = Debug|x64
		{4BC2B4B0-2A38-4274-98A2-37CEF5F03B42}.Debug|x86.ActiveCfg = Debug|x86
		{4BC2B4B0-2A38-4274-98A2-37CEF5F03B42}.Debug|x86.Build.0 = Debug|x86
		{4BC2B4B0-2A38-4274-98A2-37CEF5F03B42}.Release|Any CPU.ActiveCfg = Release|Any CPU
		{4BC2B4B0-2A38-4274-98A2-37CEF5F03B42}.Release|Any CPU.Build.0 = Release|Any CPU
		{4BC2B4B0-2A38-4274-98A2-37CEF5F03B42}.Release|x64.ActiveCfg = Release|x64
		{4BC2B4B0-2A38-4274-98A2-37CEF5F03B42}.Release|x64.Build.0 = Release|x64
		{4BC2B4B0-2A38-4274-98A2-37CEF5F03B42}.Release|x86.ActiveCfg = Release|x86
		{4BC2B4B0-2A38-4274-98A2-37CEF5F03B42}.Release|x86.Build.0 = Release|x86
		{8FABDA5B-C873-4E32-A78F-08A9A4768595}.Debug|Any CPU.ActiveCfg = Debug|Any CPU
		{8FABDA5B-C873-4E32-A78F-08A9A4768595}.Debug|Any CPU.Build.0 = Debug|Any CPU
		{8FABDA5B-C873-4E32-A78F-08A9A4768595}.Debug|x64.ActiveCfg = Debug|x64
		{8FABDA5B-C873-4E32-A78F-08A9A4768595}.Debug|x64.Build.0 = Debug|x64
		{8FABDA5B-C873-4E32-A78F-08A9A4768595}.Debug|x86.ActiveCfg = Debug|x86
		{8FABDA5B-C873-4E32-A78F-08A9A4768595}.Debug|x86.Build.0 = Debug|x86
		{8FABDA5B-C873-4E32-A78F-08A9A4768595}.Release|Any CPU.ActiveCfg = Release|Any CPU
		{8FABDA5B-C873-4E32-A78F-08A9A4768595}.Release|Any CPU.Build.0 = Release|Any CPU
		{8FABDA5B-C873-4E32-A78F-08A9A4768595}.Release|x64.ActiveCfg = Release|Any CPU
		{8FABDA5B-C873-4E32-A78F-08A9A4768595}.Release|x64.Build.0 = Release|Any CPU
		{8FABDA5B-C873-4E32-A78F-08A9A4768595}.Release|x86.ActiveCfg = Release|Any CPU
		{8FABDA5B-C873-4E32-A78F-08A9A4768595}.Release|x86.Build.0 = Release|Any CPU
		{1F90D3E4-6337-4753-9389-22CA4C688DB7}.Debug|Any CPU.ActiveCfg = Debug|Any CPU
		{1F90D3E4-6337-4753-9389-22CA4C688DB7}.Debug|Any CPU.Build.0 = Debug|Any CPU
		{1F90D3E4-6337-4753-9389-22CA4C688DB7}.Debug|x64.ActiveCfg = Debug|Any CPU
		{1F90D3E4-6337-4753-9389-22CA4C688DB7}.Debug|x64.Build.0 = Debug|Any CPU
		{1F90D3E4-6337-4753-9389-22CA4C688DB7}.Debug|x86.ActiveCfg = Debug|Any CPU
		{1F90D3E4-6337-4753-9389-22CA4C688DB7}.Debug|x86.Build.0 = Debug|Any CPU
		{1F90D3E4-6337-4753-9389-22CA4C688DB7}.Release|Any CPU.ActiveCfg = Release|Any CPU
		{1F90D3E4-6337-4753-9389-22CA4C688DB7}.Release|Any CPU.Build.0 = Release|Any CPU
		{1F90D3E4-6337-4753-9389-22CA4C688DB7}.Release|x64.ActiveCfg = Release|Any CPU
		{1F90D3E4-6337-4753-9389-22CA4C688DB7}.Release|x64.Build.0 = Release|Any CPU
		{1F90D3E4-6337-4753-9389-22CA4C688DB7}.Release|x86.ActiveCfg = Release|Any CPU
		{1F90D3E4-6337-4753-9389-22CA4C688DB7}.Release|x86.Build.0 = Release|Any CPU
		{9AA91BF5-88E7-4130-9F42-73AE206E2916}.Debug|Any CPU.ActiveCfg = Debug|Any CPU
		{9AA91BF5-88E7-4130-9F42-73AE206E2916}.Debug|Any CPU.Build.0 = Debug|Any CPU
		{9AA91BF5-88E7-4130-9F42-73AE206E2916}.Debug|x64.ActiveCfg = Debug|x64
		{9AA91BF5-88E7-4130-9F42-73AE206E2916}.Debug|x64.Build.0 = Debug|x64
		{9AA91BF5-88E7-4130-9F42-73AE206E2916}.Debug|x86.ActiveCfg = Debug|x86
		{9AA91BF5-88E7-4130-9F42-73AE206E2916}.Debug|x86.Build.0 = Debug|x86
		{9AA91BF5-88E7-4130-9F42-73AE206E2916}.Release|Any CPU.ActiveCfg = Release|Any CPU
		{9AA91BF5-88E7-4130-9F42-73AE206E2916}.Release|Any CPU.Build.0 = Release|Any CPU
		{9AA91BF5-88E7-4130-9F42-73AE206E2916}.Release|x64.ActiveCfg = Release|x64
		{9AA91BF5-88E7-4130-9F42-73AE206E2916}.Release|x64.Build.0 = Release|x64
		{9AA91BF5-88E7-4130-9F42-73AE206E2916}.Release|x86.ActiveCfg = Release|x86
		{9AA91BF5-88E7-4130-9F42-73AE206E2916}.Release|x86.Build.0 = Release|x86
		{95965326-97C5-4923-9123-D8EC514024E3}.Debug|Any CPU.ActiveCfg = Debug|Any CPU
		{95965326-97C5-4923-9123-D8EC514024E3}.Debug|Any CPU.Build.0 = Debug|Any CPU
		{95965326-97C5-4923-9123-D8EC514024E3}.Debug|x64.ActiveCfg = Debug|Any CPU
		{95965326-97C5-4923-9123-D8EC514024E3}.Debug|x64.Build.0 = Debug|Any CPU
		{95965326-97C5-4923-9123-D8EC514024E3}.Debug|x86.ActiveCfg = Debug|Any CPU
		{95965326-97C5-4923-9123-D8EC514024E3}.Debug|x86.Build.0 = Debug|Any CPU
		{95965326-97C5-4923-9123-D8EC514024E3}.Release|Any CPU.ActiveCfg = Release|Any CPU
		{95965326-97C5-4923-9123-D8EC514024E3}.Release|Any CPU.Build.0 = Release|Any CPU
		{95965326-97C5-4923-9123-D8EC514024E3}.Release|x64.ActiveCfg = Release|Any CPU
		{95965326-97C5-4923-9123-D8EC514024E3}.Release|x64.Build.0 = Release|Any CPU
		{95965326-97C5-4923-9123-D8EC514024E3}.Release|x86.ActiveCfg = Release|Any CPU
		{95965326-97C5-4923-9123-D8EC514024E3}.Release|x86.Build.0 = Release|Any CPU
		{22FAE1F1-23AE-4699-A8A3-AA63D8F17F51}.Debug|Any CPU.ActiveCfg = Debug|Any CPU
		{22FAE1F1-23AE-4699-A8A3-AA63D8F17F51}.Debug|Any CPU.Build.0 = Debug|Any CPU
		{22FAE1F1-23AE-4699-A8A3-AA63D8F17F51}.Debug|x64.ActiveCfg = Debug|Any CPU
		{22FAE1F1-23AE-4699-A8A3-AA63D8F17F51}.Debug|x64.Build.0 = Debug|Any CPU
		{22FAE1F1-23AE-4699-A8A3-AA63D8F17F51}.Debug|x86.ActiveCfg = Debug|Any CPU
		{22FAE1F1-23AE-4699-A8A3-AA63D8F17F51}.Debug|x86.Build.0 = Debug|Any CPU
		{22FAE1F1-23AE-4699-A8A3-AA63D8F17F51}.Release|Any CPU.ActiveCfg = Release|Any CPU
		{22FAE1F1-23AE-4699-A8A3-AA63D8F17F51}.Release|Any CPU.Build.0 = Release|Any CPU
		{22FAE1F1-23AE-4699-A8A3-AA63D8F17F51}.Release|x64.ActiveCfg = Release|Any CPU
		{22FAE1F1-23AE-4699-A8A3-AA63D8F17F51}.Release|x64.Build.0 = Release|Any CPU
		{22FAE1F1-23AE-4699-A8A3-AA63D8F17F51}.Release|x86.ActiveCfg = Release|Any CPU
		{22FAE1F1-23AE-4699-A8A3-AA63D8F17F51}.Release|x86.Build.0 = Release|Any CPU
	EndGlobalSection
	GlobalSection(SolutionProperties) = preSolution
		HideSolutionNode = FALSE
	EndGlobalSection
	GlobalSection(NestedProjects) = preSolution
		{0D88B727-CA5D-48DB-835B-E90C8E282DA7} = {63AB17A2-69BD-456C-969E-7F292116B571}
		{AB3A47F3-3B2A-484A-B768-7C6CF5C83386} = {0D88B727-CA5D-48DB-835B-E90C8E282DA7}
		{EC300279-181E-4E6E-A94C-E8BAF0EAB2AD} = {0D88B727-CA5D-48DB-835B-E90C8E282DA7}
		{1F0F619F-8867-4A8B-9E56-0665C34CD7D1} = {0D88B727-CA5D-48DB-835B-E90C8E282DA7}
		{C2D0CDB2-FDF9-4D33-A9C4-424E765F41C6} = {0D88B727-CA5D-48DB-835B-E90C8E282DA7}
		{9A022DE0-2608-45D6-99DA-835CFFD4FC87} = {63AB17A2-69BD-456C-969E-7F292116B571}
		{20ADDDDD-DAD9-44F3-9BEB-026C73090660} = {9A022DE0-2608-45D6-99DA-835CFFD4FC87}
		{D8C8A266-3D46-42C5-A492-28C75DB85BA8} = {9A022DE0-2608-45D6-99DA-835CFFD4FC87}
		{175C851B-8DC8-43A5-AF93-AF32D106CD77} = {9A022DE0-2608-45D6-99DA-835CFFD4FC87}
		{F1071DED-3D92-4416-9B9C-8664441ADE64} = {9A022DE0-2608-45D6-99DA-835CFFD4FC87}
		{C93A0A40-0551-4732-B594-171B87679AC1} = {9A022DE0-2608-45D6-99DA-835CFFD4FC87}
		{A6748A8D-0D96-41B9-A110-DBF692AFC56D} = {9A022DE0-2608-45D6-99DA-835CFFD4FC87}
		{EADD17BE-20A4-4589-830E-E41BE9314928} = {9A022DE0-2608-45D6-99DA-835CFFD4FC87}
		{4AECC47D-098A-4493-8E1E-D10EDBB7A189} = {9A022DE0-2608-45D6-99DA-835CFFD4FC87}
		{4BC2B4B0-2A38-4274-98A2-37CEF5F03B42} = {9A022DE0-2608-45D6-99DA-835CFFD4FC87}
		{8FABDA5B-C873-4E32-A78F-08A9A4768595} = {9A022DE0-2608-45D6-99DA-835CFFD4FC87}
		{1F90D3E4-6337-4753-9389-22CA4C688DB7} = {9A022DE0-2608-45D6-99DA-835CFFD4FC87}
		{9AA91BF5-88E7-4130-9F42-73AE206E2916} = {0D88B727-CA5D-48DB-835B-E90C8E282DA7}
		{95965326-97C5-4923-9123-D8EC514024E3} = {0D88B727-CA5D-48DB-835B-E90C8E282DA7}
		{22FAE1F1-23AE-4699-A8A3-AA63D8F17F51} = {252F9358-822A-4989-A13A-67C11E1F7CB4}
	EndGlobalSection
	GlobalSection(ExtensibilityGlobals) = postSolution
		SolutionGuid = {63CC6DCC-A35C-402C-8ECB-3CC7EA821994}
	EndGlobalSection
EndGlobal
